// !$*UTF8*$!
{
	archiveVersion = 1;
	classes = {
	};
	objectVersion = 55;
	objects = {

/* Begin PBXBuildFile section */
		D73E5E7B2768DA6C00F35D7F /* AuthenticationView.swift in Sources */ = {isa = PBXBuildFile; fileRef = D73E5E7A2768DA6C00F35D7F /* AuthenticationView.swift */; };
		D73E5E7D2768DABF00F35D7F /* AuthenticationViewModel.swift in Sources */ = {isa = PBXBuildFile; fileRef = D73E5E7C2768DABF00F35D7F /* AuthenticationViewModel.swift */; };
		D7470572275665EE00983BFA /* FirebaseAnalytics in Frameworks */ = {isa = PBXBuildFile; productRef = D7470571275665EE00983BFA /* FirebaseAnalytics */; };
		D7470574275665EE00983BFA /* FirebaseAuth in Frameworks */ = {isa = PBXBuildFile; productRef = D7470573275665EE00983BFA /* FirebaseAuth */; };
		D7470576275665EE00983BFA /* FirebaseDatabase in Frameworks */ = {isa = PBXBuildFile; productRef = D7470575275665EE00983BFA /* FirebaseDatabase */; };
		D747057C2756665900983BFA /* FetchMessagesUseCase.swift in Sources */ = {isa = PBXBuildFile; fileRef = D747057B2756665900983BFA /* FetchMessagesUseCase.swift */; };
		D747057E2756667F00983BFA /* SendMessageUseCase.swift in Sources */ = {isa = PBXBuildFile; fileRef = D747057D2756667F00983BFA /* SendMessageUseCase.swift */; };
		D74705802756669A00983BFA /* FirebaseService.swift in Sources */ = {isa = PBXBuildFile; fileRef = D747057F2756669A00983BFA /* FirebaseService.swift */; };
		D7470582275666A800983BFA /* ChatView.swift in Sources */ = {isa = PBXBuildFile; fileRef = D7470581275666A800983BFA /* ChatView.swift */; };
		D7470584275666B100983BFA /* ChatViewModel.swift in Sources */ = {isa = PBXBuildFile; fileRef = D7470583275666B100983BFA /* ChatViewModel.swift */; };
		D747058627566ADB00983BFA /* TabBarController.swift in Sources */ = {isa = PBXBuildFile; fileRef = D747058527566ADB00983BFA /* TabBarController.swift */; };
		D7D12FB12743E8CE00C6BEF5 /* ListPokemonService.swift in Sources */ = {isa = PBXBuildFile; fileRef = D7D12FB02743E8CE00C6BEF5 /* ListPokemonService.swift */; };
		D7D12FB92743EF6500C6BEF5 /* MVVMTests.swift in Sources */ = {isa = PBXBuildFile; fileRef = D7D12FB82743EF6500C6BEF5 /* MVVMTests.swift */; };
		D7D12FC02743EF9100C6BEF5 /* PokemonListViewModelTests.swift in Sources */ = {isa = PBXBuildFile; fileRef = D7D12FBF2743EF9100C6BEF5 /* PokemonListViewModelTests.swift */; };
		D7D12FC62743F4D600C6BEF5 /* Pokemon.swift in Sources */ = {isa = PBXBuildFile; fileRef = D7D12FC52743F4D600C6BEF5 /* Pokemon.swift */; };
		D7D12FC82743F51000C6BEF5 /* ApiResult.swift in Sources */ = {isa = PBXBuildFile; fileRef = D7D12FC72743F51000C6BEF5 /* ApiResult.swift */; };
		D7D12FCB2743F53500C6BEF5 /* DTOs.swift in Sources */ = {isa = PBXBuildFile; fileRef = D7D12FCA2743F53500C6BEF5 /* DTOs.swift */; };
		D7D12FCD2743F61B00C6BEF5 /* PokemonMapper.swift in Sources */ = {isa = PBXBuildFile; fileRef = D7D12FCC2743F61B00C6BEF5 /* PokemonMapper.swift */; };
		D7D3C666275F9B3F008015F4 /* GoogleService-Info.plist in Resources */ = {isa = PBXBuildFile; fileRef = D7D3C665275F9B3F008015F4 /* GoogleService-Info.plist */; };
		D7D3C668275FA098008015F4 /* AuthService.swift in Sources */ = {isa = PBXBuildFile; fileRef = D7D3C667275FA098008015F4 /* AuthService.swift */; };
		D7D3C66B275FA459008015F4 /* MessageDTO.swift in Sources */ = {isa = PBXBuildFile; fileRef = D7D3C66A275FA459008015F4 /* MessageDTO.swift */; };
		D7D3C66E275FA477008015F4 /* Message.swift in Sources */ = {isa = PBXBuildFile; fileRef = D7D3C66D275FA477008015F4 /* Message.swift */; };
		D7FECF17273AB1D20019AB69 /* AppDelegate.swift in Sources */ = {isa = PBXBuildFile; fileRef = D7FECF16273AB1D20019AB69 /* AppDelegate.swift */; };
		D7FECF19273AB1D20019AB69 /* SceneDelegate.swift in Sources */ = {isa = PBXBuildFile; fileRef = D7FECF18273AB1D20019AB69 /* SceneDelegate.swift */; };
		D7FECF1B273AB1D20019AB69 /* PokemonListViewController.swift in Sources */ = {isa = PBXBuildFile; fileRef = D7FECF1A273AB1D20019AB69 /* PokemonListViewController.swift */; };
		D7FECF1E273AB1D20019AB69 /* Main.storyboard in Resources */ = {isa = PBXBuildFile; fileRef = D7FECF1C273AB1D20019AB69 /* Main.storyboard */; };
		D7FECF20273AB1D50019AB69 /* Assets.xcassets in Resources */ = {isa = PBXBuildFile; fileRef = D7FECF1F273AB1D50019AB69 /* Assets.xcassets */; };
		D7FECF23273AB1D50019AB69 /* LaunchScreen.storyboard in Resources */ = {isa = PBXBuildFile; fileRef = D7FECF21273AB1D50019AB69 /* LaunchScreen.storyboard */; };
		D7FECF2C273AB5290019AB69 /* PokemonListViewModel.swift in Sources */ = {isa = PBXBuildFile; fileRef = D7FECF2B273AB5290019AB69 /* PokemonListViewModel.swift */; };
		D7FECF2E273AB8130019AB69 /* PokemonListView.swift in Sources */ = {isa = PBXBuildFile; fileRef = D7FECF2D273AB8130019AB69 /* PokemonListView.swift */; };
		D7FECF30273AB9970019AB69 /* PokemonCell.swift in Sources */ = {isa = PBXBuildFile; fileRef = D7FECF2F273AB9970019AB69 /* PokemonCell.swift */; };
/* End PBXBuildFile section */

/* Begin PBXContainerItemProxy section */
		D7D12FBA2743EF6500C6BEF5 /* PBXContainerItemProxy */ = {
			isa = PBXContainerItemProxy;
			containerPortal = D7FECF0B273AB1D10019AB69 /* Project object */;
			proxyType = 1;
			remoteGlobalIDString = D7FECF12273AB1D20019AB69;
			remoteInfo = MVVM;
		};
/* End PBXContainerItemProxy section */

/* Begin PBXFileReference section */
		D73E5E7A2768DA6C00F35D7F /* AuthenticationView.swift */ = {isa = PBXFileReference; lastKnownFileType = sourcecode.swift; path = AuthenticationView.swift; sourceTree = "<group>"; };
		D73E5E7C2768DABF00F35D7F /* AuthenticationViewModel.swift */ = {isa = PBXFileReference; lastKnownFileType = sourcecode.swift; path = AuthenticationViewModel.swift; sourceTree = "<group>"; };
		D747057B2756665900983BFA /* FetchMessagesUseCase.swift */ = {isa = PBXFileReference; lastKnownFileType = sourcecode.swift; path = FetchMessagesUseCase.swift; sourceTree = "<group>"; };
		D747057D2756667F00983BFA /* SendMessageUseCase.swift */ = {isa = PBXFileReference; lastKnownFileType = sourcecode.swift; path = SendMessageUseCase.swift; sourceTree = "<group>"; };
		D747057F2756669A00983BFA /* FirebaseService.swift */ = {isa = PBXFileReference; lastKnownFileType = sourcecode.swift; path = FirebaseService.swift; sourceTree = "<group>"; };
		D7470581275666A800983BFA /* ChatView.swift */ = {isa = PBXFileReference; lastKnownFileType = sourcecode.swift; path = ChatView.swift; sourceTree = "<group>"; };
		D7470583275666B100983BFA /* ChatViewModel.swift */ = {isa = PBXFileReference; lastKnownFileType = sourcecode.swift; path = ChatViewModel.swift; sourceTree = "<group>"; };
		D747058527566ADB00983BFA /* TabBarController.swift */ = {isa = PBXFileReference; lastKnownFileType = sourcecode.swift; path = TabBarController.swift; sourceTree = "<group>"; };
		D7D12FB02743E8CE00C6BEF5 /* ListPokemonService.swift */ = {isa = PBXFileReference; lastKnownFileType = sourcecode.swift; path = ListPokemonService.swift; sourceTree = "<group>"; };
		D7D12FB62743EF6500C6BEF5 /* MVVMTests.xctest */ = {isa = PBXFileReference; explicitFileType = wrapper.cfbundle; includeInIndex = 0; path = MVVMTests.xctest; sourceTree = BUILT_PRODUCTS_DIR; };
		D7D12FB82743EF6500C6BEF5 /* MVVMTests.swift */ = {isa = PBXFileReference; lastKnownFileType = sourcecode.swift; path = MVVMTests.swift; sourceTree = "<group>"; };
		D7D12FBF2743EF9100C6BEF5 /* PokemonListViewModelTests.swift */ = {isa = PBXFileReference; lastKnownFileType = sourcecode.swift; path = PokemonListViewModelTests.swift; sourceTree = "<group>"; };
		D7D12FC52743F4D600C6BEF5 /* Pokemon.swift */ = {isa = PBXFileReference; lastKnownFileType = sourcecode.swift; path = Pokemon.swift; sourceTree = "<group>"; };
		D7D12FC72743F51000C6BEF5 /* ApiResult.swift */ = {isa = PBXFileReference; lastKnownFileType = sourcecode.swift; path = ApiResult.swift; sourceTree = "<group>"; };
		D7D12FCA2743F53500C6BEF5 /* DTOs.swift */ = {isa = PBXFileReference; lastKnownFileType = sourcecode.swift; path = DTOs.swift; sourceTree = "<group>"; };
		D7D12FCC2743F61B00C6BEF5 /* PokemonMapper.swift */ = {isa = PBXFileReference; lastKnownFileType = sourcecode.swift; path = PokemonMapper.swift; sourceTree = "<group>"; };
		D7D3C665275F9B3F008015F4 /* GoogleService-Info.plist */ = {isa = PBXFileReference; fileEncoding = 4; lastKnownFileType = text.plist.xml; path = "GoogleService-Info.plist"; sourceTree = "<group>"; };
		D7D3C667275FA098008015F4 /* AuthService.swift */ = {isa = PBXFileReference; lastKnownFileType = sourcecode.swift; path = AuthService.swift; sourceTree = "<group>"; };
		D7D3C66A275FA459008015F4 /* MessageDTO.swift */ = {isa = PBXFileReference; lastKnownFileType = sourcecode.swift; path = MessageDTO.swift; sourceTree = "<group>"; };
		D7D3C66D275FA477008015F4 /* Message.swift */ = {isa = PBXFileReference; lastKnownFileType = sourcecode.swift; path = Message.swift; sourceTree = "<group>"; };
		D7FECF13273AB1D20019AB69 /* MVVM.app */ = {isa = PBXFileReference; explicitFileType = wrapper.application; includeInIndex = 0; path = MVVM.app; sourceTree = BUILT_PRODUCTS_DIR; };
		D7FECF16273AB1D20019AB69 /* AppDelegate.swift */ = {isa = PBXFileReference; lastKnownFileType = sourcecode.swift; path = AppDelegate.swift; sourceTree = "<group>"; };
		D7FECF18273AB1D20019AB69 /* SceneDelegate.swift */ = {isa = PBXFileReference; lastKnownFileType = sourcecode.swift; path = SceneDelegate.swift; sourceTree = "<group>"; };
		D7FECF1A273AB1D20019AB69 /* PokemonListViewController.swift */ = {isa = PBXFileReference; lastKnownFileType = sourcecode.swift; path = PokemonListViewController.swift; sourceTree = "<group>"; };
		D7FECF1D273AB1D20019AB69 /* Base */ = {isa = PBXFileReference; lastKnownFileType = file.storyboard; name = Base; path = Base.lproj/Main.storyboard; sourceTree = "<group>"; };
		D7FECF1F273AB1D50019AB69 /* Assets.xcassets */ = {isa = PBXFileReference; lastKnownFileType = folder.assetcatalog; path = Assets.xcassets; sourceTree = "<group>"; };
		D7FECF22273AB1D50019AB69 /* Base */ = {isa = PBXFileReference; lastKnownFileType = file.storyboard; name = Base; path = Base.lproj/LaunchScreen.storyboard; sourceTree = "<group>"; };
		D7FECF24273AB1D50019AB69 /* Info.plist */ = {isa = PBXFileReference; lastKnownFileType = text.plist.xml; path = Info.plist; sourceTree = "<group>"; };
		D7FECF2B273AB5290019AB69 /* PokemonListViewModel.swift */ = {isa = PBXFileReference; lastKnownFileType = sourcecode.swift; path = PokemonListViewModel.swift; sourceTree = "<group>"; };
		D7FECF2D273AB8130019AB69 /* PokemonListView.swift */ = {isa = PBXFileReference; lastKnownFileType = sourcecode.swift; path = PokemonListView.swift; sourceTree = "<group>"; };
		D7FECF2F273AB9970019AB69 /* PokemonCell.swift */ = {isa = PBXFileReference; lastKnownFileType = sourcecode.swift; path = PokemonCell.swift; sourceTree = "<group>"; };
/* End PBXFileReference section */

/* Begin PBXFrameworksBuildPhase section */
		D7D12FB32743EF6500C6BEF5 /* Frameworks */ = {
			isa = PBXFrameworksBuildPhase;
			buildActionMask = 2147483647;
			files = (
			);
			runOnlyForDeploymentPostprocessing = 0;
		};
		D7FECF10273AB1D20019AB69 /* Frameworks */ = {
			isa = PBXFrameworksBuildPhase;
			buildActionMask = 2147483647;
			files = (
				D7470576275665EE00983BFA /* FirebaseDatabase in Frameworks */,
				D7470572275665EE00983BFA /* FirebaseAnalytics in Frameworks */,
				D7470574275665EE00983BFA /* FirebaseAuth in Frameworks */,
			);
			runOnlyForDeploymentPostprocessing = 0;
		};
/* End PBXFrameworksBuildPhase section */

/* Begin PBXGroup section */
		D73E5E792768DA5600F35D7F /* Auth */ = {
			isa = PBXGroup;
			children = (
				D73E5E7A2768DA6C00F35D7F /* AuthenticationView.swift */,
				D73E5E7C2768DABF00F35D7F /* AuthenticationViewModel.swift */,
			);
			path = Auth;
			sourceTree = "<group>";
		};
		D74705772756660500983BFA /* Chat */ = {
			isa = PBXGroup;
			children = (
				D747057A2756662700983BFA /* View */,
				D74705792756661F00983BFA /* Domain */,
				D74705782756661000983BFA /* Service */,
			);
			path = Chat;
			sourceTree = "<group>";
		};
		D74705782756661000983BFA /* Service */ = {
			isa = PBXGroup;
			children = (
				D7D3C669275FA450008015F4 /* DTO */,
				D747057F2756669A00983BFA /* FirebaseService.swift */,
				D7D3C667275FA098008015F4 /* AuthService.swift */,
			);
			path = Service;
			sourceTree = "<group>";
		};
		D74705792756661F00983BFA /* Domain */ = {
			isa = PBXGroup;
			children = (
				D7D3C66C275FA46F008015F4 /* Model */,
				D747057B2756665900983BFA /* FetchMessagesUseCase.swift */,
				D747057D2756667F00983BFA /* SendMessageUseCase.swift */,
			);
			path = Domain;
			sourceTree = "<group>";
		};
		D747057A2756662700983BFA /* View */ = {
			isa = PBXGroup;
			children = (
				D7470581275666A800983BFA /* ChatView.swift */,
				D7470583275666B100983BFA /* ChatViewModel.swift */,
			);
			path = View;
			sourceTree = "<group>";
		};
		D7D12FB72743EF6500C6BEF5 /* MVVMTests */ = {
			isa = PBXGroup;
			children = (
				D7D12FB82743EF6500C6BEF5 /* MVVMTests.swift */,
				D7D12FBF2743EF9100C6BEF5 /* PokemonListViewModelTests.swift */,
			);
			path = MVVMTests;
			sourceTree = "<group>";
		};
		D7D12FC12743F49C00C6BEF5 /* View */ = {
			isa = PBXGroup;
			children = (
				D7FECF2F273AB9970019AB69 /* PokemonCell.swift */,
				D7FECF2D273AB8130019AB69 /* PokemonListView.swift */,
				D7FECF1A273AB1D20019AB69 /* PokemonListViewController.swift */,
			);
			path = View;
			sourceTree = "<group>";
		};
		D7D12FC22743F4A800C6BEF5 /* Domain */ = {
			isa = PBXGroup;
			children = (
				D7D12FC42743F4CB00C6BEF5 /* Model */,
				D7FECF2B273AB5290019AB69 /* PokemonListViewModel.swift */,
			);
			path = Domain;
			sourceTree = "<group>";
		};
		D7D12FC32743F4AE00C6BEF5 /* Service */ = {
			isa = PBXGroup;
			children = (
				D7D12FC92743F52C00C6BEF5 /* DTO */,
				D7D12FB02743E8CE00C6BEF5 /* ListPokemonService.swift */,
			);
			path = Service;
			sourceTree = "<group>";
		};
		D7D12FC42743F4CB00C6BEF5 /* Model */ = {
			isa = PBXGroup;
			children = (
				D7D12FC52743F4D600C6BEF5 /* Pokemon.swift */,
				D7D12FC72743F51000C6BEF5 /* ApiResult.swift */,
				D7D12FCC2743F61B00C6BEF5 /* PokemonMapper.swift */,
			);
			path = Model;
			sourceTree = "<group>";
		};
		D7D12FC92743F52C00C6BEF5 /* DTO */ = {
			isa = PBXGroup;
			children = (
				D7D12FCA2743F53500C6BEF5 /* DTOs.swift */,
			);
			path = DTO;
			sourceTree = "<group>";
		};
		D7D3C669275FA450008015F4 /* DTO */ = {
			isa = PBXGroup;
			children = (
				D7D3C66A275FA459008015F4 /* MessageDTO.swift */,
			);
			path = DTO;
			sourceTree = "<group>";
		};
		D7D3C66C275FA46F008015F4 /* Model */ = {
			isa = PBXGroup;
			children = (
				D7D3C66D275FA477008015F4 /* Message.swift */,
			);
			path = Model;
			sourceTree = "<group>";
		};
		D7FECF0A273AB1D10019AB69 = {
			isa = PBXGroup;
			children = (
				D7FECF15273AB1D20019AB69 /* MVVM */,
				D7D12FB72743EF6500C6BEF5 /* MVVMTests */,
				D7FECF14273AB1D20019AB69 /* Products */,
			);
			sourceTree = "<group>";
		};
		D7FECF14273AB1D20019AB69 /* Products */ = {
			isa = PBXGroup;
			children = (
				D7FECF13273AB1D20019AB69 /* MVVM.app */,
				D7D12FB62743EF6500C6BEF5 /* MVVMTests.xctest */,
			);
			name = Products;
			sourceTree = "<group>";
		};
		D7FECF15273AB1D20019AB69 /* MVVM */ = {
			isa = PBXGroup;
			children = (
				D73E5E792768DA5600F35D7F /* Auth */,
				D74705772756660500983BFA /* Chat */,
				D7FECF2A273AB4EA0019AB69 /* PokemonList */,
				D7FECF16273AB1D20019AB69 /* AppDelegate.swift */,
				D7FECF18273AB1D20019AB69 /* SceneDelegate.swift */,
				D7FECF1C273AB1D20019AB69 /* Main.storyboard */,
				D7D3C665275F9B3F008015F4 /* GoogleService-Info.plist */,
				D7FECF1F273AB1D50019AB69 /* Assets.xcassets */,
				D7FECF21273AB1D50019AB69 /* LaunchScreen.storyboard */,
				D7FECF24273AB1D50019AB69 /* Info.plist */,
				D747058527566ADB00983BFA /* TabBarController.swift */,
			);
			path = MVVM;
			sourceTree = "<group>";
		};
		D7FECF2A273AB4EA0019AB69 /* PokemonList */ = {
			isa = PBXGroup;
			children = (
				D7D12FC32743F4AE00C6BEF5 /* Service */,
				D7D12FC22743F4A800C6BEF5 /* Domain */,
				D7D12FC12743F49C00C6BEF5 /* View */,
			);
			path = PokemonList;
			sourceTree = "<group>";
		};
/* End PBXGroup section */

/* Begin PBXNativeTarget section */
		D7D12FB52743EF6500C6BEF5 /* MVVMTests */ = {
			isa = PBXNativeTarget;
			buildConfigurationList = D7D12FBC2743EF6500C6BEF5 /* Build configuration list for PBXNativeTarget "MVVMTests" */;
			buildPhases = (
				D7D12FB22743EF6500C6BEF5 /* Sources */,
				D7D12FB32743EF6500C6BEF5 /* Frameworks */,
				D7D12FB42743EF6500C6BEF5 /* Resources */,
			);
			buildRules = (
			);
			dependencies = (
				D7D12FBB2743EF6500C6BEF5 /* PBXTargetDependency */,
			);
			name = MVVMTests;
			productName = MVVMTests;
			productReference = D7D12FB62743EF6500C6BEF5 /* MVVMTests.xctest */;
			productType = "com.apple.product-type.bundle.unit-test";
		};
		D7FECF12273AB1D20019AB69 /* MVVM */ = {
			isa = PBXNativeTarget;
			buildConfigurationList = D7FECF27273AB1D50019AB69 /* Build configuration list for PBXNativeTarget "MVVM" */;
			buildPhases = (
				D7FECF0F273AB1D20019AB69 /* Sources */,
				D7FECF10273AB1D20019AB69 /* Frameworks */,
				D7FECF11273AB1D20019AB69 /* Resources */,
			);
			buildRules = (
			);
			dependencies = (
			);
			name = MVVM;
			packageProductDependencies = (
				D7470571275665EE00983BFA /* FirebaseAnalytics */,
				D7470573275665EE00983BFA /* FirebaseAuth */,
				D7470575275665EE00983BFA /* FirebaseDatabase */,
			);
			productName = MVVM;
			productReference = D7FECF13273AB1D20019AB69 /* MVVM.app */;
			productType = "com.apple.product-type.application";
		};
/* End PBXNativeTarget section */

/* Begin PBXProject section */
		D7FECF0B273AB1D10019AB69 /* Project object */ = {
			isa = PBXProject;
			attributes = {
				BuildIndependentTargetsInParallel = 1;
				LastSwiftUpdateCheck = 1300;
				LastUpgradeCheck = 1300;
				TargetAttributes = {
					D7D12FB52743EF6500C6BEF5 = {
						CreatedOnToolsVersion = 13.0;
						TestTargetID = D7FECF12273AB1D20019AB69;
					};
					D7FECF12273AB1D20019AB69 = {
						CreatedOnToolsVersion = 13.0;
					};
				};
			};
			buildConfigurationList = D7FECF0E273AB1D10019AB69 /* Build configuration list for PBXProject "MVVM" */;
			compatibilityVersion = "Xcode 13.0";
			developmentRegion = en;
			hasScannedForEncodings = 0;
			knownRegions = (
				en,
				Base,
			);
			mainGroup = D7FECF0A273AB1D10019AB69;
			packageReferences = (
				D7470570275665EE00983BFA /* XCRemoteSwiftPackageReference "firebase-ios-sdk" */,
			);
			productRefGroup = D7FECF14273AB1D20019AB69 /* Products */;
			projectDirPath = "";
			projectRoot = "";
			targets = (
				D7FECF12273AB1D20019AB69 /* MVVM */,
				D7D12FB52743EF6500C6BEF5 /* MVVMTests */,
			);
		};
/* End PBXProject section */

/* Begin PBXResourcesBuildPhase section */
		D7D12FB42743EF6500C6BEF5 /* Resources */ = {
			isa = PBXResourcesBuildPhase;
			buildActionMask = 2147483647;
			files = (
			);
			runOnlyForDeploymentPostprocessing = 0;
		};
		D7FECF11273AB1D20019AB69 /* Resources */ = {
			isa = PBXResourcesBuildPhase;
			buildActionMask = 2147483647;
			files = (
				D7FECF23273AB1D50019AB69 /* LaunchScreen.storyboard in Resources */,
				D7D3C666275F9B3F008015F4 /* GoogleService-Info.plist in Resources */,
				D7FECF20273AB1D50019AB69 /* Assets.xcassets in Resources */,
				D7FECF1E273AB1D20019AB69 /* Main.storyboard in Resources */,
			);
			runOnlyForDeploymentPostprocessing = 0;
		};
/* End PBXResourcesBuildPhase section */

/* Begin PBXSourcesBuildPhase section */
		D7D12FB22743EF6500C6BEF5 /* Sources */ = {
			isa = PBXSourcesBuildPhase;
			buildActionMask = 2147483647;
			files = (
				D7D12FC02743EF9100C6BEF5 /* PokemonListViewModelTests.swift in Sources */,
				D7D12FB92743EF6500C6BEF5 /* MVVMTests.swift in Sources */,
			);
			runOnlyForDeploymentPostprocessing = 0;
		};
		D7FECF0F273AB1D20019AB69 /* Sources */ = {
			isa = PBXSourcesBuildPhase;
			buildActionMask = 2147483647;
			files = (
				D7FECF2E273AB8130019AB69 /* PokemonListView.swift in Sources */,
				D7D12FCB2743F53500C6BEF5 /* DTOs.swift in Sources */,
				D7D12FCD2743F61B00C6BEF5 /* PokemonMapper.swift in Sources */,
				D7D3C668275FA098008015F4 /* AuthService.swift in Sources */,
				D73E5E7D2768DABF00F35D7F /* AuthenticationViewModel.swift in Sources */,
				D747057E2756667F00983BFA /* SendMessageUseCase.swift in Sources */,
				D74705802756669A00983BFA /* FirebaseService.swift in Sources */,
				D7D12FC62743F4D600C6BEF5 /* Pokemon.swift in Sources */,
				D747058627566ADB00983BFA /* TabBarController.swift in Sources */,
				D7D3C66B275FA459008015F4 /* MessageDTO.swift in Sources */,
				D7FECF1B273AB1D20019AB69 /* PokemonListViewController.swift in Sources */,
				D7470582275666A800983BFA /* ChatView.swift in Sources */,
				D7D12FC82743F51000C6BEF5 /* ApiResult.swift in Sources */,
				D7FECF30273AB9970019AB69 /* PokemonCell.swift in Sources */,
				D7470584275666B100983BFA /* ChatViewModel.swift in Sources */,
				D7FECF17273AB1D20019AB69 /* AppDelegate.swift in Sources */,
				D7D12FB12743E8CE00C6BEF5 /* ListPokemonService.swift in Sources */,
				D7FECF2C273AB5290019AB69 /* PokemonListViewModel.swift in Sources */,
				D73E5E7B2768DA6C00F35D7F /* AuthenticationView.swift in Sources */,
				D7D3C66E275FA477008015F4 /* Message.swift in Sources */,
				D747057C2756665900983BFA /* FetchMessagesUseCase.swift in Sources */,
				D7FECF19273AB1D20019AB69 /* SceneDelegate.swift in Sources */,
			);
			runOnlyForDeploymentPostprocessing = 0;
		};
/* End PBXSourcesBuildPhase section */

/* Begin PBXTargetDependency section */
		D7D12FBB2743EF6500C6BEF5 /* PBXTargetDependency */ = {
			isa = PBXTargetDependency;
			target = D7FECF12273AB1D20019AB69 /* MVVM */;
			targetProxy = D7D12FBA2743EF6500C6BEF5 /* PBXContainerItemProxy */;
		};
/* End PBXTargetDependency section */

/* Begin PBXVariantGroup section */
		D7FECF1C273AB1D20019AB69 /* Main.storyboard */ = {
			isa = PBXVariantGroup;
			children = (
				D7FECF1D273AB1D20019AB69 /* Base */,
			);
			name = Main.storyboard;
			sourceTree = "<group>";
		};
		D7FECF21273AB1D50019AB69 /* LaunchScreen.storyboard */ = {
			isa = PBXVariantGroup;
			children = (
				D7FECF22273AB1D50019AB69 /* Base */,
			);
			name = LaunchScreen.storyboard;
			sourceTree = "<group>";
		};
/* End PBXVariantGroup section */

/* Begin XCBuildConfiguration section */
		D7D12FBD2743EF6500C6BEF5 /* Debug */ = {
			isa = XCBuildConfiguration;
			buildSettings = {
				BUNDLE_LOADER = "$(TEST_HOST)";
				CODE_SIGN_STYLE = Automatic;
				CURRENT_PROJECT_VERSION = 1;
				DEVELOPMENT_TEAM = QM43B7QRF9;
				GENERATE_INFOPLIST_FILE = YES;
				LD_RUNPATH_SEARCH_PATHS = (
					"$(inherited)",
					"@executable_path/Frameworks",
					"@loader_path/Frameworks",
				);
				MARKETING_VERSION = 1.0;
				PRODUCT_BUNDLE_IDENTIFIER = dev.pastre.MVVMTests;
				PRODUCT_NAME = "$(TARGET_NAME)";
				SWIFT_EMIT_LOC_STRINGS = NO;
				SWIFT_VERSION = 5.0;
				TARGETED_DEVICE_FAMILY = "1,2";
				TEST_HOST = "$(BUILT_PRODUCTS_DIR)/MVVM.app/MVVM";
			};
			name = Debug;
		};
		D7D12FBE2743EF6500C6BEF5 /* Release */ = {
			isa = XCBuildConfiguration;
			buildSettings = {
				BUNDLE_LOADER = "$(TEST_HOST)";
				CODE_SIGN_STYLE = Automatic;
				CURRENT_PROJECT_VERSION = 1;
				DEVELOPMENT_TEAM = QM43B7QRF9;
				GENERATE_INFOPLIST_FILE = YES;
				LD_RUNPATH_SEARCH_PATHS = (
					"$(inherited)",
					"@executable_path/Frameworks",
					"@loader_path/Frameworks",
				);
				MARKETING_VERSION = 1.0;
				PRODUCT_BUNDLE_IDENTIFIER = dev.pastre.MVVMTests;
				PRODUCT_NAME = "$(TARGET_NAME)";
				SWIFT_EMIT_LOC_STRINGS = NO;
				SWIFT_VERSION = 5.0;
				TARGETED_DEVICE_FAMILY = "1,2";
				TEST_HOST = "$(BUILT_PRODUCTS_DIR)/MVVM.app/MVVM";
			};
			name = Release;
		};
		D7FECF25273AB1D50019AB69 /* Debug */ = {
			isa = XCBuildConfiguration;
			buildSettings = {
				ALWAYS_SEARCH_USER_PATHS = NO;
				CLANG_ANALYZER_NONNULL = YES;
				CLANG_ANALYZER_NUMBER_OBJECT_CONVERSION = YES_AGGRESSIVE;
				CLANG_CXX_LANGUAGE_STANDARD = "gnu++17";
				CLANG_CXX_LIBRARY = "libc++";
				CLANG_ENABLE_MODULES = YES;
				CLANG_ENABLE_OBJC_ARC = YES;
				CLANG_ENABLE_OBJC_WEAK = YES;
				CLANG_WARN_BLOCK_CAPTURE_AUTORELEASING = YES;
				CLANG_WARN_BOOL_CONVERSION = YES;
				CLANG_WARN_COMMA = YES;
				CLANG_WARN_CONSTANT_CONVERSION = YES;
				CLANG_WARN_DEPRECATED_OBJC_IMPLEMENTATIONS = YES;
				CLANG_WARN_DIRECT_OBJC_ISA_USAGE = YES_ERROR;
				CLANG_WARN_DOCUMENTATION_COMMENTS = YES;
				CLANG_WARN_EMPTY_BODY = YES;
				CLANG_WARN_ENUM_CONVERSION = YES;
				CLANG_WARN_INFINITE_RECURSION = YES;
				CLANG_WARN_INT_CONVERSION = YES;
				CLANG_WARN_NON_LITERAL_NULL_CONVERSION = YES;
				CLANG_WARN_OBJC_IMPLICIT_RETAIN_SELF = YES;
				CLANG_WARN_OBJC_LITERAL_CONVERSION = YES;
				CLANG_WARN_OBJC_ROOT_CLASS = YES_ERROR;
				CLANG_WARN_QUOTED_INCLUDE_IN_FRAMEWORK_HEADER = YES;
				CLANG_WARN_RANGE_LOOP_ANALYSIS = YES;
				CLANG_WARN_STRICT_PROTOTYPES = YES;
				CLANG_WARN_SUSPICIOUS_MOVE = YES;
				CLANG_WARN_UNGUARDED_AVAILABILITY = YES_AGGRESSIVE;
				CLANG_WARN_UNREACHABLE_CODE = YES;
				CLANG_WARN__DUPLICATE_METHOD_MATCH = YES;
				COPY_PHASE_STRIP = NO;
				DEBUG_INFORMATION_FORMAT = dwarf;
				ENABLE_STRICT_OBJC_MSGSEND = YES;
				ENABLE_TESTABILITY = YES;
				GCC_C_LANGUAGE_STANDARD = gnu11;
				GCC_DYNAMIC_NO_PIC = NO;
				GCC_NO_COMMON_BLOCKS = YES;
				GCC_OPTIMIZATION_LEVEL = 0;
				GCC_PREPROCESSOR_DEFINITIONS = (
					"DEBUG=1",
					"$(inherited)",
				);
				GCC_WARN_64_TO_32_BIT_CONVERSION = YES;
				GCC_WARN_ABOUT_RETURN_TYPE = YES_ERROR;
				GCC_WARN_UNDECLARED_SELECTOR = YES;
				GCC_WARN_UNINITIALIZED_AUTOS = YES_AGGRESSIVE;
				GCC_WARN_UNUSED_FUNCTION = YES;
				GCC_WARN_UNUSED_VARIABLE = YES;
				IPHONEOS_DEPLOYMENT_TARGET = 15.0;
				MTL_ENABLE_DEBUG_INFO = INCLUDE_SOURCE;
				MTL_FAST_MATH = YES;
				ONLY_ACTIVE_ARCH = YES;
				SDKROOT = iphoneos;
				SWIFT_ACTIVE_COMPILATION_CONDITIONS = DEBUG;
				SWIFT_OPTIMIZATION_LEVEL = "-Onone";
			};
			name = Debug;
		};
		D7FECF26273AB1D50019AB69 /* Release */ = {
			isa = XCBuildConfiguration;
			buildSettings = {
				ALWAYS_SEARCH_USER_PATHS = NO;
				CLANG_ANALYZER_NONNULL = YES;
				CLANG_ANALYZER_NUMBER_OBJECT_CONVERSION = YES_AGGRESSIVE;
				CLANG_CXX_LANGUAGE_STANDARD = "gnu++17";
				CLANG_CXX_LIBRARY = "libc++";
				CLANG_ENABLE_MODULES = YES;
				CLANG_ENABLE_OBJC_ARC = YES;
				CLANG_ENABLE_OBJC_WEAK = YES;
				CLANG_WARN_BLOCK_CAPTURE_AUTORELEASING = YES;
				CLANG_WARN_BOOL_CONVERSION = YES;
				CLANG_WARN_COMMA = YES;
				CLANG_WARN_CONSTANT_CONVERSION = YES;
				CLANG_WARN_DEPRECATED_OBJC_IMPLEMENTATIONS = YES;
				CLANG_WARN_DIRECT_OBJC_ISA_USAGE = YES_ERROR;
				CLANG_WARN_DOCUMENTATION_COMMENTS = YES;
				CLANG_WARN_EMPTY_BODY = YES;
				CLANG_WARN_ENUM_CONVERSION = YES;
				CLANG_WARN_INFINITE_RECURSION = YES;
				CLANG_WARN_INT_CONVERSION = YES;
				CLANG_WARN_NON_LITERAL_NULL_CONVERSION = YES;
				CLANG_WARN_OBJC_IMPLICIT_RETAIN_SELF = YES;
				CLANG_WARN_OBJC_LITERAL_CONVERSION = YES;
				CLANG_WARN_OBJC_ROOT_CLASS = YES_ERROR;
				CLANG_WARN_QUOTED_INCLUDE_IN_FRAMEWORK_HEADER = YES;
				CLANG_WARN_RANGE_LOOP_ANALYSIS = YES;
				CLANG_WARN_STRICT_PROTOTYPES = YES;
				CLANG_WARN_SUSPICIOUS_MOVE = YES;
				CLANG_WARN_UNGUARDED_AVAILABILITY = YES_AGGRESSIVE;
				CLANG_WARN_UNREACHABLE_CODE = YES;
				CLANG_WARN__DUPLICATE_METHOD_MATCH = YES;
				COPY_PHASE_STRIP = NO;
				DEBUG_INFORMATION_FORMAT = "dwarf-with-dsym";
				ENABLE_NS_ASSERTIONS = NO;
				ENABLE_STRICT_OBJC_MSGSEND = YES;
				GCC_C_LANGUAGE_STANDARD = gnu11;
				GCC_NO_COMMON_BLOCKS = YES;
				GCC_WARN_64_TO_32_BIT_CONVERSION = YES;
				GCC_WARN_ABOUT_RETURN_TYPE = YES_ERROR;
				GCC_WARN_UNDECLARED_SELECTOR = YES;
				GCC_WARN_UNINITIALIZED_AUTOS = YES_AGGRESSIVE;
				GCC_WARN_UNUSED_FUNCTION = YES;
				GCC_WARN_UNUSED_VARIABLE = YES;
				IPHONEOS_DEPLOYMENT_TARGET = 15.0;
				MTL_ENABLE_DEBUG_INFO = NO;
				MTL_FAST_MATH = YES;
				SDKROOT = iphoneos;
				SWIFT_COMPILATION_MODE = wholemodule;
				SWIFT_OPTIMIZATION_LEVEL = "-O";
				VALIDATE_PRODUCT = YES;
			};
			name = Release;
		};
		D7FECF28273AB1D50019AB69 /* Debug */ = {
			isa = XCBuildConfiguration;
			buildSettings = {
				ASSETCATALOG_COMPILER_APPICON_NAME = AppIcon;
				ASSETCATALOG_COMPILER_GLOBAL_ACCENT_COLOR_NAME = AccentColor;
				CODE_SIGN_STYLE = Automatic;
				CURRENT_PROJECT_VERSION = 1;
				DEVELOPMENT_TEAM = QM43B7QRF9;
				GENERATE_INFOPLIST_FILE = YES;
				INFOPLIST_FILE = MVVM/Info.plist;
				INFOPLIST_KEY_UIApplicationSupportsIndirectInputEvents = YES;
				INFOPLIST_KEY_UILaunchStoryboardName = LaunchScreen;
				INFOPLIST_KEY_UIMainStoryboardFile = Main;
				INFOPLIST_KEY_UISupportedInterfaceOrientations_iPad = "UIInterfaceOrientationPortrait UIInterfaceOrientationPortraitUpsideDown UIInterfaceOrientationLandscapeLeft UIInterfaceOrientationLandscapeRight";
				INFOPLIST_KEY_UISupportedInterfaceOrientations_iPhone = "UIInterfaceOrientationPortrait UIInterfaceOrientationLandscapeLeft UIInterfaceOrientationLandscapeRight";
				LD_RUNPATH_SEARCH_PATHS = (
					"$(inherited)",
					"@executable_path/Frameworks",
				);
				MARKETING_VERSION = 1.0;
				PRODUCT_BUNDLE_IDENTIFIER = "dev.pastre.mvvm-lg";
				PRODUCT_NAME = "$(TARGET_NAME)";
				SWIFT_EMIT_LOC_STRINGS = YES;
				SWIFT_VERSION = 5.0;
				TARGETED_DEVICE_FAMILY = "1,2";
			};
			name = Debug;
		};
		D7FECF29273AB1D50019AB69 /* Release */ = {
			isa = XCBuildConfiguration;
			buildSettings = {
				ASSETCATALOG_COMPILER_APPICON_NAME = AppIcon;
				ASSETCATALOG_COMPILER_GLOBAL_ACCENT_COLOR_NAME = AccentColor;
				CODE_SIGN_STYLE = Automatic;
				CURRENT_PROJECT_VERSION = 1;
				DEVELOPMENT_TEAM = QM43B7QRF9;
				GENERATE_INFOPLIST_FILE = YES;
				INFOPLIST_FILE = MVVM/Info.plist;
				INFOPLIST_KEY_UIApplicationSupportsIndirectInputEvents = YES;
				INFOPLIST_KEY_UILaunchStoryboardName = LaunchScreen;
				INFOPLIST_KEY_UIMainStoryboardFile = Main;
				INFOPLIST_KEY_UISupportedInterfaceOrientations_iPad = "UIInterfaceOrientationPortrait UIInterfaceOrientationPortraitUpsideDown UIInterfaceOrientationLandscapeLeft UIInterfaceOrientationLandscapeRight";
				INFOPLIST_KEY_UISupportedInterfaceOrientations_iPhone = "UIInterfaceOrientationPortrait UIInterfaceOrientationLandscapeLeft UIInterfaceOrientationLandscapeRight";
				LD_RUNPATH_SEARCH_PATHS = (
					"$(inherited)",
					"@executable_path/Frameworks",
				);
				MARKETING_VERSION = 1.0;
				PRODUCT_BUNDLE_IDENTIFIER = "dev.pastre.mvvm-lg";
				PRODUCT_NAME = "$(TARGET_NAME)";
				SWIFT_EMIT_LOC_STRINGS = YES;
				SWIFT_VERSION = 5.0;
				TARGETED_DEVICE_FAMILY = "1,2";
			};
			name = Release;
		};
/* End XCBuildConfiguration section */

/* Begin XCConfigurationList section */
		D7D12FBC2743EF6500C6BEF5 /* Build configuration list for PBXNativeTarget "MVVMTests" */ = {
			isa = XCConfigurationList;
			buildConfigurations = (
				D7D12FBD2743EF6500C6BEF5 /* Debug */,
				D7D12FBE2743EF6500C6BEF5 /* Release */,
			);
			defaultConfigurationIsVisible = 0;
			defaultConfigurationName = Release;
		};
		D7FECF0E273AB1D10019AB69 /* Build configuration list for PBXProject "MVVM" */ = {
			isa = XCConfigurationList;
			buildConfigurations = (
				D7FECF25273AB1D50019AB69 /* Debug */,
				D7FECF26273AB1D50019AB69 /* Release */,
			);
			defaultConfigurationIsVisible = 0;
			defaultConfigurationName = Release;
		};
		D7FECF27273AB1D50019AB69 /* Build configuration list for PBXNativeTarget "MVVM" */ = {
			isa = XCConfigurationList;
			buildConfigurations = (
				D7FECF28273AB1D50019AB69 /* Debug */,
				D7FECF29273AB1D50019AB69 /* Release */,
			);
			defaultConfigurationIsVisible = 0;
			defaultConfigurationName = Release;
		};
/* End XCConfigurationList section */

/* Begin XCRemoteSwiftPackageReference section */
		D7470570275665EE00983BFA /* XCRemoteSwiftPackageReference "firebase-ios-sdk" */ = {
			isa = XCRemoteSwiftPackageReference;
			repositoryURL = "https://github.com/firebase/firebase-ios-sdk";
			requirement = {
				branch = master;
				kind = branch;
			};
		};
/* End XCRemoteSwiftPackageReference section */

/* Begin XCSwiftPackageProductDependency section */
		D7470571275665EE00983BFA /* FirebaseAnalytics */ = {
			isa = XCSwiftPackageProductDependency;
			package = D7470570275665EE00983BFA /* XCRemoteSwiftPackageReference "firebase-ios-sdk" */;
			productName = FirebaseAnalytics;
		};
		D7470573275665EE00983BFA /* FirebaseAuth */ = {
			isa = XCSwiftPackageProductDependency;
			package = D7470570275665EE00983BFA /* XCRemoteSwiftPackageReference "firebase-ios-sdk" */;
			productName = FirebaseAuth;
		};
		D7470575275665EE00983BFA /* FirebaseDatabase */ = {
			isa = XCSwiftPackageProductDependency;
			package = D7470570275665EE00983BFA /* XCRemoteSwiftPackageReference "firebase-ios-sdk" */;
			productName = FirebaseDatabase;
		};
/* End XCSwiftPackageProductDependency section */
	};
	rootObject = D7FECF0B273AB1D10019AB69 /* Project object */;
}
